
Microsoft Visual Studio Solution File, Format Version 12.00
# Visual Studio 2017
Project("{FAE04EC0-301F-11D3-BF4B-00C04F79EFBC}") = "xinyue-game-client", "xinyue-game-client.csproj", "{10B71219-CEF4-2D99-DCD6-D400442C6039}"
EndProject
Global
	GlobalSection(SolutionConfigurationPlatforms) = preSolution
		Debug|Any CPU = Debug|Any CPU
		Release|Any CPU = Release|Any CPU
	EndGlobalSection
	GlobalSection(ProjectConfigurationPlatforms) = postSolution
		{10B71219-CEF4-2D99-DCD6-D400442C6039}.Debug|Any CPU.ActiveCfg = Debug|Any CPU
		{10B71219-CEF4-2D99-DCD6-D400442C6039}.Debug|Any CPU.Build.0 = Debug|Any CPU
		{10B71219-CEF4-2D99-DCD6-D400442C6039}.Release|Any CPU.ActiveCfg = Release|Any CPU
		{10B71219-CEF4-2D99-DCD6-D400442C6039}.Release|Any CPU.Build.0 = Release|Any CPU
	EndGlobalSection
	GlobalSection(SolutionProperties) = preSolution
		HideSolutionNode = FALSE
	EndGlobalSection
EndGlobal
